
Microsoft Visual Studio Solution File, Format Version 12.00
# Visual Studio Version 16
VisualStudioVersion = 16.0.31624.102
MinimumVisualStudioVersion = 10.0.40219.1
Project("{9A19103F-16F7-4668-BE54-9A1E7A4F7556}") = "ThreadsAndTasks_Q1", "ThreadsAndTasks_Q1\ThreadsAndTasks_Q1.csproj", "{3A58E0C6-CB4A-4ED5-B2F8-52DF4928E208}"
EndProject
Project("{9A19103F-16F7-4668-BE54-9A1E7A4F7556}") = "ThreadsAndTasks_Q2", "ThreadsAndTasks_Q2\ThreadsAndTasks_Q2.csproj", "{151880EF-694F-445E-B8C7-B2F53DF8D7D5}"
EndProject
Project("{FAE04EC0-301F-11D3-BF4B-00C04F79EFBC}") = "ThreadsAndTasks_Q3", "ThreadsAndTasks_Q3\ThreadsAndTasks_Q3.csproj", "{AA2F8F9F-091D-4295-A232-EC98928C6ACD}"
EndProject
Project("{FAE04EC0-301F-11D3-BF4B-00C04F79EFBC}") = "ThreadsAndTasks_Q4", "ThreadsAndTasks_Q4\ThreadsAndTasks_Q4.csproj", "{5F06692C-C436-442E-8181-1D5214D21116}"
EndProject
Project("{FAE04EC0-301F-11D3-BF4B-00C04F79EFBC}") = "ThreadsAndTasks_Q5", "ThreadsAndTasks_Q5\ThreadsAndTasks_Q5.csproj", "{A2812C84-1703-4F58-A850-969F61FAAC36}"
EndProject
Global
	GlobalSection(SolutionConfigurationPlatforms) = preSolution
		Debug|Any CPU = Debug|Any CPU
		Release|Any CPU = Release|Any CPU
	EndGlobalSection
	GlobalSection(ProjectConfigurationPlatforms) = postSolution
		{3A58E0C6-CB4A-4ED5-B2F8-52DF4928E208}.Debug|Any CPU.ActiveCfg = Debug|Any CPU
		{3A58E0C6-CB4A-4ED5-B2F8-52DF4928E208}.Debug|Any CPU.Build.0 = Debug|Any CPU
		{3A58E0C6-CB4A-4ED5-B2F8-52DF4928E208}.Release|Any CPU.ActiveCfg = Release|Any CPU
		{3A58E0C6-CB4A-4ED5-B2F8-52DF4928E208}.Release|Any CPU.Build.0 = Release|Any CPU
		{151880EF-694F-445E-B8C7-B2F53DF8D7D5}.Debug|Any CPU.ActiveCfg = Debug|Any CPU
		{151880EF-694F-445E-B8C7-B2F53DF8D7D5}.Debug|Any CPU.Build.0 = Debug|Any CPU
		{151880EF-694F-445E-B8C7-B2F53DF8D7D5}.Release|Any CPU.ActiveCfg = Release|Any CPU
		{151880EF-694F-445E-B8C7-B2F53DF8D7D5}.Release|Any CPU.Build.0 = Release|Any CPU
		{AA2F8F9F-091D-4295-A232-EC98928C6ACD}.Debug|Any CPU.ActiveCfg = Debug|Any CPU
		{AA2F8F9F-091D-4295-A232-EC98928C6ACD}.Debug|Any CPU.Build.0 = Debug|Any CPU
		{AA2F8F9F-091D-4295-A232-EC98928C6ACD}.Release|Any CPU.ActiveCfg = Release|Any CPU
		{AA2F8F9F-091D-4295-A232-EC98928C6ACD}.Release|Any CPU.Build.0 = Release|Any CPU
		{5F06692C-C436-442E-8181-1D5214D21116}.Debug|Any CPU.ActiveCfg = Debug|Any CPU
		{5F06692C-C436-442E-8181-1D5214D21116}.Debug|Any CPU.Build.0 = Debug|Any CPU
		{5F06692C-C436-442E-8181-1D5214D21116}.Release|Any CPU.ActiveCfg = Release|Any CPU
		{5F06692C-C436-442E-8181-1D5214D21116}.Release|Any CPU.Build.0 = Release|Any CPU
		{A2812C84-1703-4F58-A850-969F61FAAC36}.Debug|Any CPU.ActiveCfg = Debug|Any CPU
		{A2812C84-1703-4F58-A850-969F61FAAC36}.Debug|Any CPU.Build.0 = Debug|Any CPU
		{A2812C84-1703-4F58-A850-969F61FAAC36}.Release|Any CPU.ActiveCfg = Release|Any CPU
		{A2812C84-1703-4F58-A850-969F61FAAC36}.Release|Any CPU.Build.0 = Release|Any CPU
	EndGlobalSection
	GlobalSection(SolutionProperties) = preSolution
		HideSolutionNode = FALSE
	EndGlobalSection
	GlobalSection(ExtensibilityGlobals) = postSolution
		SolutionGuid = {F83135C8-E05A-4D3E-A9DD-231C03C3F43A}
	EndGlobalSection
EndGlobal
